Microsoft Visual Studio Solution File, Format Version 11.00
# Visual Studio 2008

Project("{F7530417-062E-7B76-4886-C3EE7387DFBE}") = "ShowCrasher", "Assembly-CSharp-firstpass.csproj", "{DADD38BE-FEE1-D8D2-430B-9D5FBCD958D6}"
EndProject
Project("{F7530417-062E-7B76-4886-C3EE7387DFBE}") = "ShowCrasher", "Assembly-CSharp.csproj", "{3F779A1F-CBCC-31A8-FAEA-F5CC0EEBD2CE}"
EndProject
Project("{F7530417-062E-7B76-4886-C3EE7387DFBE}") = "ShowCrasher", "Assembly-CSharp-Editor.csproj", "{0D4CCE2A-4D14-E39F-A117-114148D64957}"
EndProject
Project("{F7530417-062E-7B76-4886-C3EE7387DFBE}") = "ShowCrasher", "Assembly-UnityScript-firstpass.unityproj", "{2D75A360-6A4C-0CC0-566F-F1A137C979BB}"
EndProject
Project("{F7530417-062E-7B76-4886-C3EE7387DFBE}") = "ShowCrasher", "Assembly-UnityScript.unityproj", "{841A61DA-30B3-6C44-3D46-A9AFB343B12F}"
EndProject
Global
	GlobalSection(SolutionConfigurationPlatforms) = preSolution
		Debug|Any CPU = Debug|Any CPU
		Release|Any CPU = Release|Any CPU
	EndGlobalSection
	GlobalSection(ProjectConfigurationPlatforms) = postSolution
		{DADD38BE-FEE1-D8D2-430B-9D5FBCD958D6}.Debug|Any CPU.ActiveCfg = Debug|Any CPU
		{DADD38BE-FEE1-D8D2-430B-9D5FBCD958D6}.Debug|Any CPU.Build.0 = Debug|Any CPU
		{DADD38BE-FEE1-D8D2-430B-9D5FBCD958D6}.Release|Any CPU.ActiveCfg = Release|Any CPU
		{DADD38BE-FEE1-D8D2-430B-9D5FBCD958D6}.Release|Any CPU.Build.0 = Release|Any CPU
		{3F779A1F-CBCC-31A8-FAEA-F5CC0EEBD2CE}.Debug|Any CPU.ActiveCfg = Debug|Any CPU
		{3F779A1F-CBCC-31A8-FAEA-F5CC0EEBD2CE}.Debug|Any CPU.Build.0 = Debug|Any CPU
		{3F779A1F-CBCC-31A8-FAEA-F5CC0EEBD2CE}.Release|Any CPU.ActiveCfg = Release|Any CPU
		{3F779A1F-CBCC-31A8-FAEA-F5CC0EEBD2CE}.Release|Any CPU.Build.0 = Release|Any CPU
		{0D4CCE2A-4D14-E39F-A117-114148D64957}.Debug|Any CPU.ActiveCfg = Debug|Any CPU
		{0D4CCE2A-4D14-E39F-A117-114148D64957}.Debug|Any CPU.Build.0 = Debug|Any CPU
		{0D4CCE2A-4D14-E39F-A117-114148D64957}.Release|Any CPU.ActiveCfg = Release|Any CPU
		{0D4CCE2A-4D14-E39F-A117-114148D64957}.Release|Any CPU.Build.0 = Release|Any CPU
		{2D75A360-6A4C-0CC0-566F-F1A137C979BB}.Debug|Any CPU.ActiveCfg = Debug|Any CPU
		{2D75A360-6A4C-0CC0-566F-F1A137C979BB}.Debug|Any CPU.Build.0 = Debug|Any CPU
		{2D75A360-6A4C-0CC0-566F-F1A137C979BB}.Release|Any CPU.ActiveCfg = Release|Any CPU
		{2D75A360-6A4C-0CC0-566F-F1A137C979BB}.Release|Any CPU.Build.0 = Release|Any CPU
		{841A61DA-30B3-6C44-3D46-A9AFB343B12F}.Debug|Any CPU.ActiveCfg = Debug|Any CPU
		{841A61DA-30B3-6C44-3D46-A9AFB343B12F}.Debug|Any CPU.Build.0 = Debug|Any CPU
		{841A61DA-30B3-6C44-3D46-A9AFB343B12F}.Release|Any CPU.ActiveCfg = Release|Any CPU
		{841A61DA-30B3-6C44-3D46-A9AFB343B12F}.Release|Any CPU.Build.0 = Release|Any CPU
	EndGlobalSection
	GlobalSection(SolutionProperties) = preSolution
		HideSolutionNode = FALSE
	EndGlobalSection
																																																			GlobalSection(MonoDevelopProperties) = preSolution
		StartupItem = Assembly-CSharp.csproj
		Policies = $0
		$0.TextStylePolicy = $1
		$1.inheritsSet = null
		$1.scope = text/x-csharp
		$0.CSharpFormattingPolicy = $2
		$2.inheritsSet = Mono
		$2.inheritsScope = text/x-csharp
		$2.scope = text/x-csharp
		$0.TextStylePolicy = $3
		$3.FileWidth = 120
		$3.TabWidth = 4
		$3.EolMarker = Unix
		$3.inheritsSet = Mono
		$3.inheritsScope = text/plain
		$3.scope = text/plain
	EndGlobalSection

EndGlobal
